// !$*UTF8*$!
{
	archiveVersion = 1;
	classes = {
	};
	objectVersion = 56;
	objects = {

/* Begin PBXBuildFile section */
		5578882B2A96F7FC008CE946 /* LogFileSwift.docc in Sources */ = {isa = PBXBuildFile; fileRef = 5578882A2A96F7FC008CE946 /* LogFileSwift.docc */; };
		557888312A96F7FD008CE946 /* LogFileSwift.framework in Frameworks */ = {isa = PBXBuildFile; fileRef = 557888262A96F7FC008CE946 /* LogFileSwift.framework */; };
		557888362A96F7FD008CE946 /* LogFileSwiftTests.swift in Sources */ = {isa = PBXBuildFile; fileRef = 557888352A96F7FD008CE946 /* LogFileSwiftTests.swift */; };
		557888372A96F7FD008CE946 /* LogFileSwift.h in Headers */ = {isa = PBXBuildFile; fileRef = 557888292A96F7FC008CE946 /* LogFileSwift.h */; settings = {ATTRIBUTES = (Public, ); }; };
		55AED3072A97406B00A5341F /* FileLogHandler.swift in Sources */ = {isa = PBXBuildFile; fileRef = 55AED3032A97406B00A5341F /* FileLogHandler.swift */; };
		55AED3082A97406B00A5341F /* StorageLog.swift in Sources */ = {isa = PBXBuildFile; fileRef = 55AED3042A97406B00A5341F /* StorageLog.swift */; };
		55AED3092A97406B00A5341F /* Logger.swift in Sources */ = {isa = PBXBuildFile; fileRef = 55AED3052A97406B00A5341F /* Logger.swift */; };
		55AED30A2A97406B00A5341F /* CrashLogger.swift in Sources */ = {isa = PBXBuildFile; fileRef = 55AED3062A97406B00A5341F /* CrashLogger.swift */; };
/* End PBXBuildFile section */

/* Begin PBXContainerItemProxy section */
		557888322A96F7FD008CE946 /* PBXContainerItemProxy */ = {
			isa = PBXContainerItemProxy;
			containerPortal = 5578881D2A96F7FC008CE946 /* Project object */;
			proxyType = 1;
			remoteGlobalIDString = 557888252A96F7FC008CE946;
			remoteInfo = LogFileSwift;
		};
/* End PBXContainerItemProxy section */

/* Begin PBXFileReference section */
		557888262A96F7FC008CE946 /* LogFileSwift.framework */ = {isa = PBXFileReference; explicitFileType = wrapper.framework; includeInIndex = 0; path = LogFileSwift.framework; sourceTree = BUILT_PRODUCTS_DIR; };
		557888292A96F7FC008CE946 /* LogFileSwift.h */ = {isa = PBXFileReference; lastKnownFileType = sourcecode.c.h; path = LogFileSwift.h; sourceTree = "<group>"; };
		5578882A2A96F7FC008CE946 /* LogFileSwift.docc */ = {isa = PBXFileReference; lastKnownFileType = folder.documentationcatalog; path = LogFileSwift.docc; sourceTree = "<group>"; };
		557888302A96F7FD008CE946 /* LogFileSwiftTests.xctest */ = {isa = PBXFileReference; explicitFileType = wrapper.cfbundle; includeInIndex = 0; path = LogFileSwiftTests.xctest; sourceTree = BUILT_PRODUCTS_DIR; };
		557888352A96F7FD008CE946 /* LogFileSwiftTests.swift */ = {isa = PBXFileReference; lastKnownFileType = sourcecode.swift; path = LogFileSwiftTests.swift; sourceTree = "<group>"; };
		55AED3032A97406B00A5341F /* FileLogHandler.swift */ = {isa = PBXFileReference; fileEncoding = 4; lastKnownFileType = sourcecode.swift; path = FileLogHandler.swift; sourceTree = "<group>"; };
		55AED3042A97406B00A5341F /* StorageLog.swift */ = {isa = PBXFileReference; fileEncoding = 4; lastKnownFileType = sourcecode.swift; path = StorageLog.swift; sourceTree = "<group>"; };
		55AED3052A97406B00A5341F /* Logger.swift */ = {isa = PBXFileReference; fileEncoding = 4; lastKnownFileType = sourcecode.swift; path = Logger.swift; sourceTree = "<group>"; };
		55AED3062A97406B00A5341F /* CrashLogger.swift */ = {isa = PBXFileReference; fileEncoding = 4; lastKnownFileType = sourcecode.swift; path = CrashLogger.swift; sourceTree = "<group>"; };
/* End PBXFileReference section */

/* Begin PBXFrameworksBuildPhase section */
		557888232A96F7FC008CE946 /* Frameworks */ = {
			isa = PBXFrameworksBuildPhase;
			buildActionMask = 2147483647;
			files = (
			);
			runOnlyForDeploymentPostprocessing = 0;
		};
		5578882D2A96F7FD008CE946 /* Frameworks */ = {
			isa = PBXFrameworksBuildPhase;
			buildActionMask = 2147483647;
			files = (
				557888312A96F7FD008CE946 /* LogFileSwift.framework in Frameworks */,
			);
			runOnlyForDeploymentPostprocessing = 0;
		};
/* End PBXFrameworksBuildPhase section */

/* Begin PBXGroup section */
		5578881C2A96F7FC008CE946 = {
			isa = PBXGroup;
			children = (
				557888282A96F7FC008CE946 /* LogFileSwift */,
				557888342A96F7FD008CE946 /* LogFileSwiftTests */,
				557888272A96F7FC008CE946 /* Products */,
			);
			sourceTree = "<group>";
		};
		557888272A96F7FC008CE946 /* Products */ = {
			isa = PBXGroup;
			children = (
				557888262A96F7FC008CE946 /* LogFileSwift.framework */,
				557888302A96F7FD008CE946 /* LogFileSwiftTests.xctest */,
			);
			name = Products;
			sourceTree = "<group>";
		};
		557888282A96F7FC008CE946 /* LogFileSwift */ = {
			isa = PBXGroup;
			children = (
				55AED3022A97406B00A5341F /* LogManager */,
				557888292A96F7FC008CE946 /* LogFileSwift.h */,
				5578882A2A96F7FC008CE946 /* LogFileSwift.docc */,
			);
			path = LogFileSwift;
			sourceTree = "<group>";
		};
		557888342A96F7FD008CE946 /* LogFileSwiftTests */ = {
			isa = PBXGroup;
			children = (
				557888352A96F7FD008CE946 /* LogFileSwiftTests.swift */,
			);
			path = LogFileSwiftTests;
			sourceTree = "<group>";
		};
		55AED3022A97406B00A5341F /* LogManager */ = {
			isa = PBXGroup;
			children = (
				55AED3032A97406B00A5341F /* FileLogHandler.swift */,
				55AED3042A97406B00A5341F /* StorageLog.swift */,
				55AED3052A97406B00A5341F /* Logger.swift */,
				55AED3062A97406B00A5341F /* CrashLogger.swift */,
			);
			path = LogManager;
			sourceTree = "<group>";
		};
/* End PBXGroup section */

/* Begin PBXHeadersBuildPhase section */
		557888212A96F7FC008CE946 /* Headers */ = {
			isa = PBXHeadersBuildPhase;
			buildActionMask = 2147483647;
			files = (
				557888372A96F7FD008CE946 /* LogFileSwift.h in Headers */,
			);
			runOnlyForDeploymentPostprocessing = 0;
		};
/* End PBXHeadersBuildPhase section */

/* Begin PBXNativeTarget section */
		557888252A96F7FC008CE946 /* LogFileSwift */ = {
			isa = PBXNativeTarget;
			buildConfigurationList = 5578883A2A96F7FD008CE946 /* Build configuration list for PBXNativeTarget "LogFileSwift" */;
			buildPhases = (
				557888212A96F7FC008CE946 /* Headers */,
				557888222A96F7FC008CE946 /* Sources */,
				557888232A96F7FC008CE946 /* Frameworks */,
				557888242A96F7FC008CE946 /* Resources */,
			);
			buildRules = (
			);
			dependencies = (
			);
			name = LogFileSwift;
			productName = LogFileSwift;
			productReference = 557888262A96F7FC008CE946 /* LogFileSwift.framework */;
			productType = "com.apple.product-type.framework";
		};
		5578882F2A96F7FD008CE946 /* LogFileSwiftTests */ = {
			isa = PBXNativeTarget;
			buildConfigurationList = 5578883D2A96F7FD008CE946 /* Build configuration list for PBXNativeTarget "LogFileSwiftTests" */;
			buildPhases = (
				5578882C2A96F7FD008CE946 /* Sources */,
				5578882D2A96F7FD008CE946 /* Frameworks */,
				5578882E2A96F7FD008CE946 /* Resources */,
			);
			buildRules = (
			);
			dependencies = (
				557888332A96F7FD008CE946 /* PBXTargetDependency */,
			);
			name = LogFileSwiftTests;
			productName = LogFileSwiftTests;
			productReference = 557888302A96F7FD008CE946 /* LogFileSwiftTests.xctest */;
			productType = "com.apple.product-type.bundle.unit-test";
		};
/* End PBXNativeTarget section */

/* Begin PBXProject section */
		5578881D2A96F7FC008CE946 /* Project object */ = {
			isa = PBXProject;
			attributes = {
				BuildIndependentTargetsInParallel = 1;
				LastSwiftUpdateCheck = 1420;
				LastUpgradeCheck = 1420;
				TargetAttributes = {
					557888252A96F7FC008CE946 = {
						CreatedOnToolsVersion = 14.2;
					};
					5578882F2A96F7FD008CE946 = {
						CreatedOnToolsVersion = 14.2;
					};
				};
			};
			buildConfigurationList = 557888202A96F7FC008CE946 /* Build configuration list for PBXProject "LogFileSwift" */;
			compatibilityVersion = "Xcode 14.0";
			developmentRegion = en;
			hasScannedForEncodings = 0;
			knownRegions = (
				en,
				Base,
			);
			mainGroup = 5578881C2A96F7FC008CE946;
			productRefGroup = 557888272A96F7FC008CE946 /* Products */;
			projectDirPath = "";
			projectRoot = "";
			targets = (
				557888252A96F7FC008CE946 /* LogFileSwift */,
				5578882F2A96F7FD008CE946 /* LogFileSwiftTests */,
			);
		};
/* End PBXProject section */

/* Begin PBXResourcesBuildPhase section */
		557888242A96F7FC008CE946 /* Resources */ = {
			isa = PBXResourcesBuildPhase;
			buildActionMask = 2147483647;
			files = (
			);
			runOnlyForDeploymentPostprocessing = 0;
		};
		5578882E2A96F7FD008CE946 /* Resources */ = {
			isa = PBXResourcesBuildPhase;
			buildActionMask = 2147483647;
			files = (
			);
			runOnlyForDeploymentPostprocessing = 0;
		};
/* End PBXResourcesBuildPhase section */

/* Begin PBXSourcesBuildPhase section */
		557888222A96F7FC008CE946 /* Sources */ = {
			isa = PBXSourcesBuildPhase;
			buildActionMask = 2147483647;
			files = (
				5578882B2A96F7FC008CE946 /* LogFileSwift.docc in Sources */,
				55AED30A2A97406B00A5341F /* CrashLogger.swift in Sources */,
				55AED3072A97406B00A5341F /* FileLogHandler.swift in Sources */,
				55AED3082A97406B00A5341F /* StorageLog.swift in Sources */,
				55AED3092A97406B00A5341F /* Logger.swift in Sources */,
			);
			runOnlyForDeploymentPostprocessing = 0;
		};
		5578882C2A96F7FD008CE946 /* Sources */ = {
			isa = PBXSourcesBuildPhase;
			buildActionMask = 2147483647;
			files = (
				557888362A96F7FD008CE946 /* LogFileSwiftTests.swift in Sources */,
			);
			runOnlyForDeploymentPostprocessing = 0;
		};
/* End PBXSourcesBuildPhase section */

/* Begin PBXTargetDependency section */
		557888332A96F7FD008CE946 /* PBXTargetDependency */ = {
			isa = PBXTargetDependency;
			target = 557888252A96F7FC008CE946 /* LogFileSwift */;
			targetProxy = 557888322A96F7FD008CE946 /* PBXContainerItemProxy */;
		};
/* End PBXTargetDependency section */

/* Begin XCBuildConfiguration section */
		557888382A96F7FD008CE946 /* Debug */ = {
			isa = XCBuildConfiguration;
			buildSettings = {
				ALWAYS_SEARCH_USER_PATHS = NO;
				CLANG_ANALYZER_NONNULL = YES;
				CLANG_ANALYZER_NUMBER_OBJECT_CONVERSION = YES_AGGRESSIVE;
				CLANG_CXX_LANGUAGE_STANDARD = "gnu++20";
				CLANG_ENABLE_MODULES = YES;
				CLANG_ENABLE_OBJC_ARC = YES;
				CLANG_ENABLE_OBJC_WEAK = YES;
				CLANG_WARN_BLOCK_CAPTURE_AUTORELEASING = YES;
				CLANG_WARN_BOOL_CONVERSION = YES;
				CLANG_WARN_COMMA = YES;
				CLANG_WARN_CONSTANT_CONVERSION = YES;
				CLANG_WARN_DEPRECATED_OBJC_IMPLEMENTATIONS = YES;
				CLANG_WARN_DIRECT_OBJC_ISA_USAGE = YES_ERROR;
				CLANG_WARN_DOCUMENTATION_COMMENTS = YES;
				CLANG_WARN_EMPTY_BODY = YES;
				CLANG_WARN_ENUM_CONVERSION = YES;
				CLANG_WARN_INFINITE_RECURSION = YES;
				CLANG_WARN_INT_CONVERSION = YES;
				CLANG_WARN_NON_LITERAL_NULL_CONVERSION = YES;
				CLANG_WARN_OBJC_IMPLICIT_RETAIN_SELF = YES;
				CLANG_WARN_OBJC_LITERAL_CONVERSION = YES;
				CLANG_WARN_OBJC_ROOT_CLASS = YES_ERROR;
				CLANG_WARN_QUOTED_INCLUDE_IN_FRAMEWORK_HEADER = YES;
				CLANG_WARN_RANGE_LOOP_ANALYSIS = YES;
				CLANG_WARN_STRICT_PROTOTYPES = YES;
				CLANG_WARN_SUSPICIOUS_MOVE = YES;
				CLANG_WARN_UNGUARDED_AVAILABILITY = YES_AGGRESSIVE;
				CLANG_WARN_UNREACHABLE_CODE = YES;
				CLANG_WARN__DUPLICATE_METHOD_MATCH = YES;
				COPY_PHASE_STRIP = NO;
				CURRENT_PROJECT_VERSION = 1;
				DEBUG_INFORMATION_FORMAT = dwarf;
				ENABLE_STRICT_OBJC_MSGSEND = YES;
				ENABLE_TESTABILITY = YES;
				GCC_C_LANGUAGE_STANDARD = gnu11;
				GCC_DYNAMIC_NO_PIC = NO;
				GCC_NO_COMMON_BLOCKS = YES;
				GCC_OPTIMIZATION_LEVEL = 0;
				GCC_PREPROCESSOR_DEFINITIONS = (
					"DEBUG=1",
					"$(inherited)",
				);
				GCC_WARN_64_TO_32_BIT_CONVERSION = YES;
				GCC_WARN_ABOUT_RETURN_TYPE = YES_ERROR;
				GCC_WARN_UNDECLARED_SELECTOR = YES;
				GCC_WARN_UNINITIALIZED_AUTOS = YES_AGGRESSIVE;
				GCC_WARN_UNUSED_FUNCTION = YES;
				GCC_WARN_UNUSED_VARIABLE = YES;
				IPHONEOS_DEPLOYMENT_TARGET = 16.2;
				MTL_ENABLE_DEBUG_INFO = INCLUDE_SOURCE;
				MTL_FAST_MATH = YES;
				ONLY_ACTIVE_ARCH = YES;
				SDKROOT = iphoneos;
				SWIFT_ACTIVE_COMPILATION_CONDITIONS = DEBUG;
				SWIFT_OPTIMIZATION_LEVEL = "-Onone";
				VERSIONING_SYSTEM = "apple-generic";
				VERSION_INFO_PREFIX = "";
			};
			name = Debug;
		};
		557888392A96F7FD008CE946 /* Release */ = {
			isa = XCBuildConfiguration;
			buildSettings = {
				ALWAYS_SEARCH_USER_PATHS = NO;
				CLANG_ANALYZER_NONNULL = YES;
				CLANG_ANALYZER_NUMBER_OBJECT_CONVERSION = YES_AGGRESSIVE;
				CLANG_CXX_LANGUAGE_STANDARD = "gnu++20";
				CLANG_ENABLE_MODULES = YES;
				CLANG_ENABLE_OBJC_ARC = YES;
				CLANG_ENABLE_OBJC_WEAK = YES;
				CLANG_WARN_BLOCK_CAPTURE_AUTORELEASING = YES;
				CLANG_WARN_BOOL_CONVERSION = YES;
				CLANG_WARN_COMMA = YES;
				CLANG_WARN_CONSTANT_CONVERSION = YES;
				CLANG_WARN_DEPRECATED_OBJC_IMPLEMENTATIONS = YES;
				CLANG_WARN_DIRECT_OBJC_ISA_USAGE = YES_ERROR;
				CLANG_WARN_DOCUMENTATION_COMMENTS = YES;
				CLANG_WARN_EMPTY_BODY = YES;
				CLANG_WARN_ENUM_CONVERSION = YES;
				CLANG_WARN_INFINITE_RECURSION = YES;
				CLANG_WARN_INT_CONVERSION = YES;
				CLANG_WARN_NON_LITERAL_NULL_CONVERSION = YES;
				CLANG_WARN_OBJC_IMPLICIT_RETAIN_SELF = YES;
				CLANG_WARN_OBJC_LITERAL_CONVERSION = YES;
				CLANG_WARN_OBJC_ROOT_CLASS = YES_ERROR;
				CLANG_WARN_QUOTED_INCLUDE_IN_FRAMEWORK_HEADER = YES;
				CLANG_WARN_RANGE_LOOP_ANALYSIS = YES;
				CLANG_WARN_STRICT_PROTOTYPES = YES;
				CLANG_WARN_SUSPICIOUS_MOVE = YES;
				CLANG_WARN_UNGUARDED_AVAILABILITY = YES_AGGRESSIVE;
				CLANG_WARN_UNREACHABLE_CODE = YES;
				CLANG_WARN__DUPLICATE_METHOD_MATCH = YES;
				COPY_PHASE_STRIP = NO;
				CURRENT_PROJECT_VERSION = 1;
				DEBUG_INFORMATION_FORMAT = "dwarf-with-dsym";
				ENABLE_NS_ASSERTIONS = NO;
				ENABLE_STRICT_OBJC_MSGSEND = YES;
				GCC_C_LANGUAGE_STANDARD = gnu11;
				GCC_NO_COMMON_BLOCKS = YES;
				GCC_WARN_64_TO_32_BIT_CONVERSION = YES;
				GCC_WARN_ABOUT_RETURN_TYPE = YES_ERROR;
				GCC_WARN_UNDECLARED_SELECTOR = YES;
				GCC_WARN_UNINITIALIZED_AUTOS = YES_AGGRESSIVE;
				GCC_WARN_UNUSED_FUNCTION = YES;
				GCC_WARN_UNUSED_VARIABLE = YES;
				IPHONEOS_DEPLOYMENT_TARGET = 16.2;
				MTL_ENABLE_DEBUG_INFO = NO;
				MTL_FAST_MATH = YES;
				SDKROOT = iphoneos;
				SWIFT_COMPILATION_MODE = wholemodule;
				SWIFT_OPTIMIZATION_LEVEL = "-O";
				VALIDATE_PRODUCT = YES;
				VERSIONING_SYSTEM = "apple-generic";
				VERSION_INFO_PREFIX = "";
			};
			name = Release;
		};
		5578883B2A96F7FD008CE946 /* Debug */ = {
			isa = XCBuildConfiguration;
			buildSettings = {
				CODE_SIGN_STYLE = Automatic;
				CURRENT_PROJECT_VERSION = 1;
				DEFINES_MODULE = YES;
				DYLIB_COMPATIBILITY_VERSION = 1;
				DYLIB_CURRENT_VERSION = 1;
				DYLIB_INSTALL_NAME_BASE = "@rpath";
				GENERATE_INFOPLIST_FILE = YES;
				INFOPLIST_KEY_NSHumanReadableCopyright = "";
				INSTALL_PATH = "$(LOCAL_LIBRARY_DIR)/Frameworks";
				LD_RUNPATH_SEARCH_PATHS = (
					"$(inherited)",
					"@executable_path/Frameworks",
					"@loader_path/Frameworks",
				);
				MARKETING_VERSION = 1.0;
				PRODUCT_BUNDLE_IDENTIFIER = com.yourcompany.LogFileSwift;
				PRODUCT_NAME = "$(TARGET_NAME:c99extidentifier)";
				SKIP_INSTALL = YES;
				SWIFT_EMIT_LOC_STRINGS = YES;
				SWIFT_VERSION = 5.0;
				TARGETED_DEVICE_FAMILY = "1,2";
			};
			name = Debug;
		};
		5578883C2A96F7FD008CE946 /* Release */ = {
			isa = XCBuildConfiguration;
			buildSettings = {
				CODE_SIGN_STYLE = Automatic;
				CURRENT_PROJECT_VERSION = 1;
				DEFINES_MODULE = YES;
				DYLIB_COMPATIBILITY_VERSION = 1;
				DYLIB_CURRENT_VERSION = 1;
				DYLIB_INSTALL_NAME_BASE = "@rpath";
				GENERATE_INFOPLIST_FILE = YES;
				INFOPLIST_KEY_NSHumanReadableCopyright = "";
				INSTALL_PATH = "$(LOCAL_LIBRARY_DIR)/Frameworks";
				LD_RUNPATH_SEARCH_PATHS = (
					"$(inherited)",
					"@executable_path/Frameworks",
					"@loader_path/Frameworks",
				);
				MARKETING_VERSION = 1.0;
				PRODUCT_BUNDLE_IDENTIFIER = com.yourcompany.LogFileSwift;
				PRODUCT_NAME = "$(TARGET_NAME:c99extidentifier)";
				SKIP_INSTALL = YES;
				SWIFT_EMIT_LOC_STRINGS = YES;
				SWIFT_VERSION = 5.0;
				TARGETED_DEVICE_FAMILY = "1,2";
			};
			name = Release;
		};
		5578883E2A96F7FD008CE946 /* Debug */ = {
			isa = XCBuildConfiguration;
			buildSettings = {
				ALWAYS_EMBED_SWIFT_STANDARD_LIBRARIES = YES;
				CODE_SIGN_STYLE = Automatic;
				CURRENT_PROJECT_VERSION = 1;
				GENERATE_INFOPLIST_FILE = YES;
				MARKETING_VERSION = 1.0;
				PRODUCT_BUNDLE_IDENTIFIER = com.yourcompany.LogFileSwiftTests;
				PRODUCT_NAME = "$(TARGET_NAME)";
				SWIFT_EMIT_LOC_STRINGS = NO;
				SWIFT_VERSION = 5.0;
				TARGETED_DEVICE_FAMILY = "1,2";
			};
			name = Debug;
		};
		5578883F2A96F7FD008CE946 /* Release */ = {
			isa = XCBuildConfiguration;
			buildSettings = {
				ALWAYS_EMBED_SWIFT_STANDARD_LIBRARIES = YES;
				CODE_SIGN_STYLE = Automatic;
				CURRENT_PROJECT_VERSION = 1;
				GENERATE_INFOPLIST_FILE = YES;
				MARKETING_VERSION = 1.0;
				PRODUCT_BUNDLE_IDENTIFIER = com.yourcompany.LogFileSwiftTests;
				PRODUCT_NAME = "$(TARGET_NAME)";
				SWIFT_EMIT_LOC_STRINGS = NO;
				SWIFT_VERSION = 5.0;
				TARGETED_DEVICE_FAMILY = "1,2";
			};
			name = Release;
		};
/* End XCBuildConfiguration section */

/* Begin XCConfigurationList section */
		557888202A96F7FC008CE946 /* Build configuration list for PBXProject "LogFileSwift" */ = {
			isa = XCConfigurationList;
			buildConfigurations = (
				557888382A96F7FD008CE946 /* Debug */,
				557888392A96F7FD008CE946 /* Release */,
			);
			defaultConfigurationIsVisible = 0;
			defaultConfigurationName = Release;
		};
		5578883A2A96F7FD008CE946 /* Build configuration list for PBXNativeTarget "LogFileSwift" */ = {
			isa = XCConfigurationList;
			buildConfigurations = (
				5578883B2A96F7FD008CE946 /* Debug */,
				5578883C2A96F7FD008CE946 /* Release */,
			);
			defaultConfigurationIsVisible = 0;
			defaultConfigurationName = Release;
		};
		5578883D2A96F7FD008CE946 /* Build configuration list for PBXNativeTarget "LogFileSwiftTests" */ = {
			isa = XCConfigurationList;
			buildConfigurations = (
				5578883E2A96F7FD008CE946 /* Debug */,
				5578883F2A96F7FD008CE946 /* Release */,
			);
			defaultConfigurationIsVisible = 0;
			defaultConfigurationName = Release;
		};
/* End XCConfigurationList section */
	};
	rootObject = 5578881D2A96F7FC008CE946 /* Project object */;
}
